
Microsoft Visual Studio Solution File, Format Version 12.00
# Visual Studio Version 17
VisualStudioVersion = 17.0.32112.339
MinimumVisualStudioVersion = 10.0.40219.1
Project("{2150E333-8FDC-42A3-9474-1A3956D46DE8}") = "src", "src", "{53B5E4D5-11FC-43DD-AA51-853241CD934A}"
EndProject
Project("{2150E333-8FDC-42A3-9474-1A3956D46DE8}") = "Building Blocks", "Building Blocks", "{3DD680A6-3992-4A3E-B482-E9D52ECA8589}"
EndProject
Project("{2150E333-8FDC-42A3-9474-1A3956D46DE8}") = "Services", "Services", "{CAAEAE3F-BB22-4656-ACF6-1EBCF680051E}"
EndProject
Project("{2150E333-8FDC-42A3-9474-1A3956D46DE8}") = "Web", "Web", "{9893A9D2-F37E-4282-AB26-AA84E365152B}"
EndProject
Project("{2150E333-8FDC-42A3-9474-1A3956D46DE8}") = "Identidade", "Identidade", "{EC09A011-7B35-4A21-B4F6-CF67A0CC53C3}"
EndProject
Project("{2150E333-8FDC-42A3-9474-1A3956D46DE8}") = "MVC", "MVC", "{79E186FF-D921-4D05-8D4D-947388A64968}"
EndProject
Project("{9A19103F-16F7-4668-BE54-9A1E7A4F7556}") = "NSE.WebApp.MVC", "src\Web\NSE.WebApp.MVC\NSE.WebApp.MVC.csproj", "{8C0D5670-1DF7-4460-9F06-E25450AB80B1}"
EndProject
Project("{2150E333-8FDC-42A3-9474-1A3956D46DE8}") = "Core", "Core", "{61051911-6D4E-4D69-AC40-05BC36C5E98B}"
EndProject
Project("{9A19103F-16F7-4668-BE54-9A1E7A4F7556}") = "NSE.Core", "src\Building Blocks\NSE.Core\NSE.Core.csproj", "{863D13E6-D33C-413F-A23F-4215B4E4F109}"
EndProject
Project("{2150E333-8FDC-42A3-9474-1A3956D46DE8}") = "Carrinho", "Carrinho", "{2FEA1D88-AAED-4A84-9582-9C9D61B0F53C}"
EndProject
Project("{2150E333-8FDC-42A3-9474-1A3956D46DE8}") = "Catalogo", "Catalogo", "{D2EFA297-4CC2-41A6-8977-0AE1FE658650}"
EndProject
Project("{2150E333-8FDC-42A3-9474-1A3956D46DE8}") = "Cliente", "Cliente", "{C95640D6-30D5-485A-9032-37FD08932475}"
EndProject
Project("{2150E333-8FDC-42A3-9474-1A3956D46DE8}") = "Pagamento", "Pagamento", "{906CE505-B0F2-4263-81B8-A821DDE8EA84}"
EndProject
Project("{2150E333-8FDC-42A3-9474-1A3956D46DE8}") = "Pedido", "Pedido", "{A0E71D54-8687-472B-8BE6-1ECEF765C739}"
EndProject
Project("{9A19103F-16F7-4668-BE54-9A1E7A4F7556}") = "NSE.Carrinho.API", "src\Services\NSE.Carrinho.API\NSE.Carrinho.API.csproj", "{57561CDA-38CA-49D1-B94F-A67796E48093}"
EndProject
Project("{9A19103F-16F7-4668-BE54-9A1E7A4F7556}") = "NSE.Catalogo.API", "src\Services\NSE.Catalogo.API\NSE.Catalogo.API.csproj", "{61DF80F8-20D0-4E04-9762-286B8455CF4F}"
EndProject
Project("{9A19103F-16F7-4668-BE54-9A1E7A4F7556}") = "NSE.Cliente.API", "src\Services\NSE.Cliente.API\NSE.Cliente.API.csproj", "{70F1E553-D40E-4B15-8431-68684AFD4937}"
EndProject
Project("{9A19103F-16F7-4668-BE54-9A1E7A4F7556}") = "NSE.Identidade.API", "src\Services\NSE.Identidade.API\NSE.Identidade.API.csproj", "{BCDE568C-21E1-461A-B687-CFB0B834448D}"
EndProject
Project("{9A19103F-16F7-4668-BE54-9A1E7A4F7556}") = "NSE.Pagamento.API", "src\Services\NSE.Pagamento.API\NSE.Pagamento.API.csproj", "{2E234B44-BFCE-440B-AE69-41FFBCFAE629}"
EndProject
Project("{9A19103F-16F7-4668-BE54-9A1E7A4F7556}") = "NSE.Pedido.API", "src\Services\NSE.Pedido.API\NSE.Pedido.API.csproj", "{491ADCB5-8192-40B1-A0B6-B50956134D0B}"
EndProject
Project("{2150E333-8FDC-42A3-9474-1A3956D46DE8}") = "Services", "Services", "{BB4319E5-7FBE-41D5-918A-0FC7278DC6B4}"
EndProject
Project("{9A19103F-16F7-4668-BE54-9A1E7A4F7556}") = "NSE.WebApi.Core", "src\Building Blocks\NSE.WebApi.Core\NSE.WebApi.Core.csproj", "{DB21CA76-A2C2-4D4D-8476-0D08A0B6A382}"
EndProject
Project("{2150E333-8FDC-42A3-9474-1A3956D46DE8}") = "MessageBus", "MessageBus", "{B23E0562-2698-4097-8127-34F6787AC8FC}"
EndProject
Project("{9A19103F-16F7-4668-BE54-9A1E7A4F7556}") = "NSE.MessageBus", "src\Building Blocks\NSE.MessageBus\NSE.MessageBus.csproj", "{F51FA4BF-17ED-4327-8221-C980522E832F}"
EndProject
Project("{2150E333-8FDC-42A3-9474-1A3956D46DE8}") = "Api Gateways", "Api Gateways", "{7B4B06D1-A5DD-48C8-86B1-B85035A71721}"
EndProject
Project("{2150E333-8FDC-42A3-9474-1A3956D46DE8}") = "Compras", "Compras", "{9644BF07-22E9-4E04-BB56-41A7A38673BE}"
EndProject
Project("{FAE04EC0-301F-11D3-BF4B-00C04F79EFBC}") = "NSE.Bff.Compras", "src\Api Gateways\NSE.Bff.Compras\NSE.Bff.Compras.csproj", "{188AB536-90E4-41DA-88DC-52FFC1D4FD0F}"
EndProject
Global
	GlobalSection(SolutionConfigurationPlatforms) = preSolution
		Debug|Any CPU = Debug|Any CPU
		Release|Any CPU = Release|Any CPU
	EndGlobalSection
	GlobalSection(ProjectConfigurationPlatforms) = postSolution
		{8C0D5670-1DF7-4460-9F06-E25450AB80B1}.Debug|Any CPU.ActiveCfg = Debug|Any CPU
		{8C0D5670-1DF7-4460-9F06-E25450AB80B1}.Debug|Any CPU.Build.0 = Debug|Any CPU
		{8C0D5670-1DF7-4460-9F06-E25450AB80B1}.Release|Any CPU.ActiveCfg = Release|Any CPU
		{8C0D5670-1DF7-4460-9F06-E25450AB80B1}.Release|Any CPU.Build.0 = Release|Any CPU
		{863D13E6-D33C-413F-A23F-4215B4E4F109}.Debug|Any CPU.ActiveCfg = Debug|Any CPU
		{863D13E6-D33C-413F-A23F-4215B4E4F109}.Debug|Any CPU.Build.0 = Debug|Any CPU
		{863D13E6-D33C-413F-A23F-4215B4E4F109}.Release|Any CPU.ActiveCfg = Release|Any CPU
		{863D13E6-D33C-413F-A23F-4215B4E4F109}.Release|Any CPU.Build.0 = Release|Any CPU
		{57561CDA-38CA-49D1-B94F-A67796E48093}.Debug|Any CPU.ActiveCfg = Debug|Any CPU
		{57561CDA-38CA-49D1-B94F-A67796E48093}.Debug|Any CPU.Build.0 = Debug|Any CPU
		{57561CDA-38CA-49D1-B94F-A67796E48093}.Release|Any CPU.ActiveCfg = Release|Any CPU
		{57561CDA-38CA-49D1-B94F-A67796E48093}.Release|Any CPU.Build.0 = Release|Any CPU
		{61DF80F8-20D0-4E04-9762-286B8455CF4F}.Debug|Any CPU.ActiveCfg = Debug|Any CPU
		{61DF80F8-20D0-4E04-9762-286B8455CF4F}.Debug|Any CPU.Build.0 = Debug|Any CPU
		{61DF80F8-20D0-4E04-9762-286B8455CF4F}.Release|Any CPU.ActiveCfg = Release|Any CPU
		{61DF80F8-20D0-4E04-9762-286B8455CF4F}.Release|Any CPU.Build.0 = Release|Any CPU
		{70F1E553-D40E-4B15-8431-68684AFD4937}.Debug|Any CPU.ActiveCfg = Debug|Any CPU
		{70F1E553-D40E-4B15-8431-68684AFD4937}.Debug|Any CPU.Build.0 = Debug|Any CPU
		{70F1E553-D40E-4B15-8431-68684AFD4937}.Release|Any CPU.ActiveCfg = Release|Any CPU
		{70F1E553-D40E-4B15-8431-68684AFD4937}.Release|Any CPU.Build.0 = Release|Any CPU
		{BCDE568C-21E1-461A-B687-CFB0B834448D}.Debug|Any CPU.ActiveCfg = Debug|Any CPU
		{BCDE568C-21E1-461A-B687-CFB0B834448D}.Debug|Any CPU.Build.0 = Debug|Any CPU
		{BCDE568C-21E1-461A-B687-CFB0B834448D}.Release|Any CPU.ActiveCfg = Release|Any CPU
		{BCDE568C-21E1-461A-B687-CFB0B834448D}.Release|Any CPU.Build.0 = Release|Any CPU
		{2E234B44-BFCE-440B-AE69-41FFBCFAE629}.Debug|Any CPU.ActiveCfg = Debug|Any CPU
		{2E234B44-BFCE-440B-AE69-41FFBCFAE629}.Debug|Any CPU.Build.0 = Debug|Any CPU
		{2E234B44-BFCE-440B-AE69-41FFBCFAE629}.Release|Any CPU.ActiveCfg = Release|Any CPU
		{2E234B44-BFCE-440B-AE69-41FFBCFAE629}.Release|Any CPU.Build.0 = Release|Any CPU
		{491ADCB5-8192-40B1-A0B6-B50956134D0B}.Debug|Any CPU.ActiveCfg = Debug|Any CPU
		{491ADCB5-8192-40B1-A0B6-B50956134D0B}.Debug|Any CPU.Build.0 = Debug|Any CPU
		{491ADCB5-8192-40B1-A0B6-B50956134D0B}.Release|Any CPU.ActiveCfg = Release|Any CPU
		{491ADCB5-8192-40B1-A0B6-B50956134D0B}.Release|Any CPU.Build.0 = Release|Any CPU
		{DB21CA76-A2C2-4D4D-8476-0D08A0B6A382}.Debug|Any CPU.ActiveCfg = Debug|Any CPU
		{DB21CA76-A2C2-4D4D-8476-0D08A0B6A382}.Debug|Any CPU.Build.0 = Debug|Any CPU
		{DB21CA76-A2C2-4D4D-8476-0D08A0B6A382}.Release|Any CPU.ActiveCfg = Release|Any CPU
		{DB21CA76-A2C2-4D4D-8476-0D08A0B6A382}.Release|Any CPU.Build.0 = Release|Any CPU
		{F51FA4BF-17ED-4327-8221-C980522E832F}.Debug|Any CPU.ActiveCfg = Debug|Any CPU
		{F51FA4BF-17ED-4327-8221-C980522E832F}.Debug|Any CPU.Build.0 = Debug|Any CPU
		{F51FA4BF-17ED-4327-8221-C980522E832F}.Release|Any CPU.ActiveCfg = Release|Any CPU
		{F51FA4BF-17ED-4327-8221-C980522E832F}.Release|Any CPU.Build.0 = Release|Any CPU
		{188AB536-90E4-41DA-88DC-52FFC1D4FD0F}.Debug|Any CPU.ActiveCfg = Debug|Any CPU
		{188AB536-90E4-41DA-88DC-52FFC1D4FD0F}.Debug|Any CPU.Build.0 = Debug|Any CPU
		{188AB536-90E4-41DA-88DC-52FFC1D4FD0F}.Release|Any CPU.ActiveCfg = Release|Any CPU
		{188AB536-90E4-41DA-88DC-52FFC1D4FD0F}.Release|Any CPU.Build.0 = Release|Any CPU
	EndGlobalSection
	GlobalSection(SolutionProperties) = preSolution
		HideSolutionNode = FALSE
	EndGlobalSection
	GlobalSection(NestedProjects) = preSolution
		{3DD680A6-3992-4A3E-B482-E9D52ECA8589} = {53B5E4D5-11FC-43DD-AA51-853241CD934A}
		{CAAEAE3F-BB22-4656-ACF6-1EBCF680051E} = {53B5E4D5-11FC-43DD-AA51-853241CD934A}
		{9893A9D2-F37E-4282-AB26-AA84E365152B} = {53B5E4D5-11FC-43DD-AA51-853241CD934A}
		{EC09A011-7B35-4A21-B4F6-CF67A0CC53C3} = {CAAEAE3F-BB22-4656-ACF6-1EBCF680051E}
		{79E186FF-D921-4D05-8D4D-947388A64968} = {9893A9D2-F37E-4282-AB26-AA84E365152B}
		{8C0D5670-1DF7-4460-9F06-E25450AB80B1} = {79E186FF-D921-4D05-8D4D-947388A64968}
		{61051911-6D4E-4D69-AC40-05BC36C5E98B} = {3DD680A6-3992-4A3E-B482-E9D52ECA8589}
		{863D13E6-D33C-413F-A23F-4215B4E4F109} = {61051911-6D4E-4D69-AC40-05BC36C5E98B}
		{2FEA1D88-AAED-4A84-9582-9C9D61B0F53C} = {CAAEAE3F-BB22-4656-ACF6-1EBCF680051E}
		{D2EFA297-4CC2-41A6-8977-0AE1FE658650} = {CAAEAE3F-BB22-4656-ACF6-1EBCF680051E}
		{C95640D6-30D5-485A-9032-37FD08932475} = {CAAEAE3F-BB22-4656-ACF6-1EBCF680051E}
		{906CE505-B0F2-4263-81B8-A821DDE8EA84} = {CAAEAE3F-BB22-4656-ACF6-1EBCF680051E}
		{A0E71D54-8687-472B-8BE6-1ECEF765C739} = {CAAEAE3F-BB22-4656-ACF6-1EBCF680051E}
		{57561CDA-38CA-49D1-B94F-A67796E48093} = {2FEA1D88-AAED-4A84-9582-9C9D61B0F53C}
		{61DF80F8-20D0-4E04-9762-286B8455CF4F} = {D2EFA297-4CC2-41A6-8977-0AE1FE658650}
		{70F1E553-D40E-4B15-8431-68684AFD4937} = {C95640D6-30D5-485A-9032-37FD08932475}
		{BCDE568C-21E1-461A-B687-CFB0B834448D} = {EC09A011-7B35-4A21-B4F6-CF67A0CC53C3}
		{2E234B44-BFCE-440B-AE69-41FFBCFAE629} = {906CE505-B0F2-4263-81B8-A821DDE8EA84}
		{491ADCB5-8192-40B1-A0B6-B50956134D0B} = {A0E71D54-8687-472B-8BE6-1ECEF765C739}
		{BB4319E5-7FBE-41D5-918A-0FC7278DC6B4} = {3DD680A6-3992-4A3E-B482-E9D52ECA8589}
		{DB21CA76-A2C2-4D4D-8476-0D08A0B6A382} = {BB4319E5-7FBE-41D5-918A-0FC7278DC6B4}
		{B23E0562-2698-4097-8127-34F6787AC8FC} = {3DD680A6-3992-4A3E-B482-E9D52ECA8589}
		{F51FA4BF-17ED-4327-8221-C980522E832F} = {B23E0562-2698-4097-8127-34F6787AC8FC}
		{7B4B06D1-A5DD-48C8-86B1-B85035A71721} = {53B5E4D5-11FC-43DD-AA51-853241CD934A}
		{9644BF07-22E9-4E04-BB56-41A7A38673BE} = {7B4B06D1-A5DD-48C8-86B1-B85035A71721}
		{188AB536-90E4-41DA-88DC-52FFC1D4FD0F} = {9644BF07-22E9-4E04-BB56-41A7A38673BE}
	EndGlobalSection
	GlobalSection(ExtensibilityGlobals) = postSolution
		SolutionGuid = {F23C5114-054B-4DFD-8E1E-97AF6396B13D}
	EndGlobalSection
EndGlobal
